
Microsoft Visual Studio Solution File, Format Version 12.00
# Visual Studio Version 17
VisualStudioVersion = 17.4.33110.190
MinimumVisualStudioVersion = 10.0.40219.1
Project("{FAE04EC0-301F-11D3-BF4B-00C04F79EFBC}") = "Iterator", "..\Iterator\Iterator.csproj", "{5426E823-CFC4-40E9-ABB9-4D4C183BED66}"
EndProject
Project("{FAE04EC0-301F-11D3-BF4B-00C04F79EFBC}") = "Memento", "..\Memento\Memento.csproj", "{8832D47F-118D-4BB8-83BB-9BE6C6649B00}"
EndProject
Project("{FAE04EC0-301F-11D3-BF4B-00C04F79EFBC}") = "Mediator", "..\Mediator\Mediator.csproj", "{0CC8739C-05D6-424A-A8B3-7EA040A72F62}"
EndProject
Global
	GlobalSection(SolutionConfigurationPlatforms) = preSolution
		Debug|Any CPU = Debug|Any CPU
		Release|Any CPU = Release|Any CPU
	EndGlobalSection
	GlobalSection(ProjectConfigurationPlatforms) = postSolution
		{5426E823-CFC4-40E9-ABB9-4D4C183BED66}.Debug|Any CPU.ActiveCfg = Debug|Any CPU
		{5426E823-CFC4-40E9-ABB9-4D4C183BED66}.Debug|Any CPU.Build.0 = Debug|Any CPU
		{5426E823-CFC4-40E9-ABB9-4D4C183BED66}.Release|Any CPU.ActiveCfg = Release|Any CPU
		{5426E823-CFC4-40E9-ABB9-4D4C183BED66}.Release|Any CPU.Build.0 = Release|Any CPU
		{8832D47F-118D-4BB8-83BB-9BE6C6649B00}.Debug|Any CPU.ActiveCfg = Debug|Any CPU
		{8832D47F-118D-4BB8-83BB-9BE6C6649B00}.Debug|Any CPU.Build.0 = Debug|Any CPU
		{8832D47F-118D-4BB8-83BB-9BE6C6649B00}.Release|Any CPU.ActiveCfg = Release|Any CPU
		{8832D47F-118D-4BB8-83BB-9BE6C6649B00}.Release|Any CPU.Build.0 = Release|Any CPU
		{0CC8739C-05D6-424A-A8B3-7EA040A72F62}.Debug|Any CPU.ActiveCfg = Debug|Any CPU
		{0CC8739C-05D6-424A-A8B3-7EA040A72F62}.Debug|Any CPU.Build.0 = Debug|Any CPU
		{0CC8739C-05D6-424A-A8B3-7EA040A72F62}.Release|Any CPU.ActiveCfg = Release|Any CPU
		{0CC8739C-05D6-424A-A8B3-7EA040A72F62}.Release|Any CPU.Build.0 = Release|Any CPU
	EndGlobalSection
	GlobalSection(SolutionProperties) = preSolution
		HideSolutionNode = FALSE
	EndGlobalSection
	GlobalSection(ExtensibilityGlobals) = postSolution
		SolutionGuid = {957D4D12-6F50-4CEB-8806-82C1A6521203}
	EndGlobalSection
EndGlobal
